
Microsoft Visual Studio Solution File, Format Version 12.00
# Visual Studio Version 16
VisualStudioVersion = 16.0.33801.447
MinimumVisualStudioVersion = 10.0.40219.1
Project("{FAE04EC0-301F-11D3-BF4B-00C04F79EFBC}") = "SchoolERP", "SchoolERP\SchoolERP.csproj", "{16874443-A816-43BF-8889-A2034337215A}"
EndProject
Project("{FAE04EC0-301F-11D3-BF4B-00C04F79EFBC}") = "SchoolClasses", "SchoolClasses\SchoolClasses.csproj", "{B8483D62-27C5-4E5F-9F2C-450A4D9B1017}"
EndProject
Global
	GlobalSection(SolutionConfigurationPlatforms) = preSolution
		Debug|Any CPU = Debug|Any CPU
		Release|Any CPU = Release|Any CPU
	EndGlobalSection
	GlobalSection(ProjectConfigurationPlatforms) = postSolution
		{16874443-A816-43BF-8889-A2034337215A}.Debug|Any CPU.ActiveCfg = Debug|Any CPU
		{16874443-A816-43BF-8889-A2034337215A}.Debug|Any CPU.Build.0 = Debug|Any CPU
		{16874443-A816-43BF-8889-A2034337215A}.Release|Any CPU.ActiveCfg = Release|Any CPU
		{16874443-A816-43BF-8889-A2034337215A}.Release|Any CPU.Build.0 = Release|Any CPU
		{B8483D62-27C5-4E5F-9F2C-450A4D9B1017}.Debug|Any CPU.ActiveCfg = Debug|Any CPU
		{B8483D62-27C5-4E5F-9F2C-450A4D9B1017}.Debug|Any CPU.Build.0 = Debug|Any CPU
		{B8483D62-27C5-4E5F-9F2C-450A4D9B1017}.Release|Any CPU.ActiveCfg = Release|Any CPU
		{B8483D62-27C5-4E5F-9F2C-450A4D9B1017}.Release|Any CPU.Build.0 = Release|Any CPU
	EndGlobalSection
	GlobalSection(SolutionProperties) = preSolution
		HideSolutionNode = FALSE
	EndGlobalSection
	GlobalSection(ExtensibilityGlobals) = postSolution
		SolutionGuid = {970FB69D-D081-4474-BDE2-0CF77F019F1D}
	EndGlobalSection
EndGlobal
